{
  "lockfileVersion": 1,
  "workspaces": {
    "": {
      "name": "package.json",
      "dependencies": {
        "@tanstack/vue-query": "^5.90.2",
        "@vicons/ionicons5": "^0.13.0",
        "axios": "^1.12.2",
        "naive-ui": "^2.43.1",
        "pinia": "^3.0.3",
        "vue": "^3.5.22",
        "vue-router": "4",
      },
      "devDependencies": {
        "@types/axios": "^0.14.4",
        "@types/node": "^24.6.2",
        "@vitejs/plugin-vue": "^6.0.1",
        "autoprefixer": "^10.4.21",
        "postcss": "^8.5.6",
        "tailwindcss": "^3.4.0",
        "typescript": "^5.9.3",
        "vite": "^7.1.7",
        "vite-plugin-vue-devtools": "^8.0.2",
        "vue-tsc": "^3.1.0",
      },
    },
  },
  "packages": {
    "@alloc/quick-lru": ["@alloc/quick-lru@5.2.0", "", {}, ""],

    "@babel/code-frame": ["@babel/code-frame@7.27.1", "", { "dependencies": { "@babel/helper-validator-identifier": "^7.27.1", "js-tokens": "^4.0.0", "picocolors": "^1.1.1" } }, ""],

    "@babel/compat-data": ["@babel/compat-data@7.28.4", "", {}, ""],

    "@babel/core": ["@babel/core@7.28.4", "", { "dependencies": { "@babel/code-frame": "^7.27.1", "@babel/generator": "^7.28.3", "@babel/helper-compilation-targets": "^7.27.2", "@babel/helper-module-transforms": "^7.28.3", "@babel/helpers": "^7.28.4", "@babel/parser": "^7.28.4", "@babel/template": "^7.27.2", "@babel/traverse": "^7.28.4", "@babel/types": "^7.28.4", "@jridgewell/remapping": "^2.3.5", "convert-source-map": "^2.0.0", "debug": "^4.1.0", "gensync": "^1.0.0-beta.2", "json5": "^2.2.3", "semver": "^6.3.1" } }, ""],

    "@babel/generator": ["@babel/generator@7.28.3", "", { "dependencies": { "@babel/parser": "^7.28.3", "@babel/types": "^7.28.2", "@jridgewell/gen-mapping": "^0.3.12", "@jridgewell/trace-mapping": "^0.3.28", "jsesc": "^3.0.2" } }, ""],

    "@babel/helper-annotate-as-pure": ["@babel/helper-annotate-as-pure@7.27.3", "", { "dependencies": { "@babel/types": "^7.27.3" } }, ""],

    "@babel/helper-compilation-targets": ["@babel/helper-compilation-targets@7.27.2", "", { "dependencies": { "@babel/compat-data": "^7.27.2", "@babel/helper-validator-option": "^7.27.1", "browserslist": "^4.24.0", "lru-cache": "^5.1.1", "semver": "^6.3.1" } }, ""],

    "@babel/helper-create-class-features-plugin": ["@babel/helper-create-class-features-plugin@7.28.3", "", { "dependencies": { "@babel/helper-annotate-as-pure": "^7.27.3", "@babel/helper-member-expression-to-functions": "^7.27.1", "@babel/helper-optimise-call-expression": "^7.27.1", "@babel/helper-replace-supers": "^7.27.1", "@babel/helper-skip-transparent-expression-wrappers": "^7.27.1", "@babel/traverse": "^7.28.3", "semver": "^6.3.1" }, "peerDependencies": { "@babel/core": "^7.0.0" } }, ""],

    "@babel/helper-globals": ["@babel/helper-globals@7.28.0", "", {}, ""],

    "@babel/helper-member-expression-to-functions": ["@babel/helper-member-expression-to-functions@7.27.1", "", { "dependencies": { "@babel/traverse": "^7.27.1", "@babel/types": "^7.27.1" } }, ""],

    "@babel/helper-module-imports": ["@babel/helper-module-imports@7.27.1", "", { "dependencies": { "@babel/traverse": "^7.27.1", "@babel/types": "^7.27.1" } }, ""],

    "@babel/helper-module-transforms": ["@babel/helper-module-transforms@7.28.3", "", { "dependencies": { "@babel/helper-module-imports": "^7.27.1", "@babel/helper-validator-identifier": "^7.27.1", "@babel/traverse": "^7.28.3" }, "peerDependencies": { "@babel/core": "^7.0.0" } }, ""],

    "@babel/helper-optimise-call-expression": ["@babel/helper-optimise-call-expression@7.27.1", "", { "dependencies": { "@babel/types": "^7.27.1" } }, ""],

    "@babel/helper-plugin-utils": ["@babel/helper-plugin-utils@7.27.1", "", {}, ""],

    "@babel/helper-replace-supers": ["@babel/helper-replace-supers@7.27.1", "", { "dependencies": { "@babel/helper-member-expression-to-functions": "^7.27.1", "@babel/helper-optimise-call-expression": "^7.27.1", "@babel/traverse": "^7.27.1" }, "peerDependencies": { "@babel/core": "^7.0.0" } }, ""],

    "@babel/helper-skip-transparent-expression-wrappers": ["@babel/helper-skip-transparent-expression-wrappers@7.27.1", "", { "dependencies": { "@babel/traverse": "^7.27.1", "@babel/types": "^7.27.1" } }, ""],

    "@babel/helper-string-parser": ["@babel/helper-string-parser@7.27.1", "", {}, ""],

    "@babel/helper-validator-identifier": ["@babel/helper-validator-identifier@7.27.1", "", {}, ""],

    "@babel/helper-validator-option": ["@babel/helper-validator-option@7.27.1", "", {}, ""],

    "@babel/helpers": ["@babel/helpers@7.28.4", "", { "dependencies": { "@babel/template": "^7.27.2", "@babel/types": "^7.28.4" } }, ""],

    "@babel/parser": ["@babel/parser@7.28.4", "", { "dependencies": { "@babel/types": "^7.28.4" }, "bin": { "parser": "bin/babel-parser.js" } }, ""],

    "@babel/plugin-proposal-decorators": ["@babel/plugin-proposal-decorators@7.28.0", "", { "dependencies": { "@babel/helper-create-class-features-plugin": "^7.27.1", "@babel/helper-plugin-utils": "^7.27.1", "@babel/plugin-syntax-decorators": "^7.27.1" }, "peerDependencies": { "@babel/core": "^7.0.0-0" } }, ""],

    "@babel/plugin-syntax-decorators": ["@babel/plugin-syntax-decorators@7.27.1", "", { "dependencies": { "@babel/helper-plugin-utils": "^7.27.1" }, "peerDependencies": { "@babel/core": "^7.0.0-0" } }, ""],

    "@babel/plugin-syntax-import-attributes": ["@babel/plugin-syntax-import-attributes@7.27.1", "", { "dependencies": { "@babel/helper-plugin-utils": "^7.27.1" }, "peerDependencies": { "@babel/core": "^7.0.0-0" } }, ""],

    "@babel/plugin-syntax-import-meta": ["@babel/plugin-syntax-import-meta@7.10.4", "", { "dependencies": { "@babel/helper-plugin-utils": "^7.10.4" }, "peerDependencies": { "@babel/core": "^7.0.0-0" } }, ""],

    "@babel/plugin-syntax-jsx": ["@babel/plugin-syntax-jsx@7.27.1", "", { "dependencies": { "@babel/helper-plugin-utils": "^7.27.1" }, "peerDependencies": { "@babel/core": "^7.0.0-0" } }, ""],

    "@babel/plugin-syntax-typescript": ["@babel/plugin-syntax-typescript@7.27.1", "", { "dependencies": { "@babel/helper-plugin-utils": "^7.27.1" }, "peerDependencies": { "@babel/core": "^7.0.0-0" } }, ""],

    "@babel/plugin-transform-typescript": ["@babel/plugin-transform-typescript@7.28.0", "", { "dependencies": { "@babel/helper-annotate-as-pure": "^7.27.3", "@babel/helper-create-class-features-plugin": "^7.27.1", "@babel/helper-plugin-utils": "^7.27.1", "@babel/helper-skip-transparent-expression-wrappers": "^7.27.1", "@babel/plugin-syntax-typescript": "^7.27.1" }, "peerDependencies": { "@babel/core": "^7.0.0-0" } }, ""],

    "@babel/template": ["@babel/template@7.27.2", "", { "dependencies": { "@babel/code-frame": "^7.27.1", "@babel/parser": "^7.27.2", "@babel/types": "^7.27.1" } }, ""],

    "@babel/traverse": ["@babel/traverse@7.28.4", "", { "dependencies": { "@babel/code-frame": "^7.27.1", "@babel/generator": "^7.28.3", "@babel/helper-globals": "^7.28.0", "@babel/parser": "^7.28.4", "@babel/template": "^7.27.2", "@babel/types": "^7.28.4", "debug": "^4.3.1" } }, ""],

    "@babel/types": ["@babel/types@7.28.4", "", { "dependencies": { "@babel/helper-string-parser": "^7.27.1", "@babel/helper-validator-identifier": "^7.27.1" } }, ""],

    "@css-render/plugin-bem": ["@css-render/plugin-bem@0.15.14", "", { "peerDependencies": { "css-render": "~0.15.14" } }, ""],

    "@css-render/vue3-ssr": ["@css-render/vue3-ssr@0.15.14", "", { "peerDependencies": { "vue": "^3.0.11" } }, ""],

    "@emotion/hash": ["@emotion/hash@0.8.0", "", {}, ""],

    "@esbuild/darwin-arm64": ["@esbuild/darwin-arm64@0.25.10", "", { "os": "darwin", "cpu": "arm64" }, ""],

    "@isaacs/cliui": ["@isaacs/cliui@8.0.2", "", { "dependencies": { "string-width": "^5.1.2", "string-width-cjs": "npm:string-width@^4.2.0", "strip-ansi": "^7.0.1", "strip-ansi-cjs": "npm:strip-ansi@^6.0.1", "wrap-ansi": "^8.1.0", "wrap-ansi-cjs": "npm:wrap-ansi@^7.0.0" } }, ""],

    "@jridgewell/gen-mapping": ["@jridgewell/gen-mapping@0.3.13", "", { "dependencies": { "@jridgewell/sourcemap-codec": "^1.5.0", "@jridgewell/trace-mapping": "^0.3.24" } }, ""],

    "@jridgewell/remapping": ["@jridgewell/remapping@2.3.5", "", { "dependencies": { "@jridgewell/gen-mapping": "^0.3.5", "@jridgewell/trace-mapping": "^0.3.24" } }, ""],

    "@jridgewell/resolve-uri": ["@jridgewell/resolve-uri@3.1.2", "", {}, ""],

    "@jridgewell/sourcemap-codec": ["@jridgewell/sourcemap-codec@1.5.5", "", {}, ""],

    "@jridgewell/trace-mapping": ["@jridgewell/trace-mapping@0.3.31", "", { "dependencies": { "@jridgewell/resolve-uri": "^3.1.0", "@jridgewell/sourcemap-codec": "^1.4.14" } }, ""],

    "@juggle/resize-observer": ["@juggle/resize-observer@3.4.0", "", {}, ""],

    "@nodelib/fs.scandir": ["@nodelib/fs.scandir@2.1.5", "", { "dependencies": { "@nodelib/fs.stat": "2.0.5", "run-parallel": "^1.1.9" } }, ""],

    "@nodelib/fs.stat": ["@nodelib/fs.stat@2.0.5", "", {}, ""],

    "@nodelib/fs.walk": ["@nodelib/fs.walk@1.2.8", "", { "dependencies": { "@nodelib/fs.scandir": "2.1.5", "fastq": "^1.6.0" } }, ""],

    "@pkgjs/parseargs": ["@pkgjs/parseargs@0.11.0", "", {}, ""],

    "@polka/url": ["@polka/url@1.0.0-next.29", "", {}, ""],

    "@rolldown/pluginutils": ["@rolldown/pluginutils@1.0.0-beta.29", "", {}, ""],

    "@rollup/rollup-darwin-arm64": ["@rollup/rollup-darwin-arm64@4.52.4", "", { "os": "darwin", "cpu": "arm64" }, ""],

    "@sec-ant/readable-stream": ["@sec-ant/readable-stream@0.4.1", "", {}, ""],

    "@sindresorhus/merge-streams": ["@sindresorhus/merge-streams@4.0.0", "", {}, ""],

    "@tanstack/match-sorter-utils": ["@tanstack/match-sorter-utils@8.19.4", "", { "dependencies": { "remove-accents": "0.5.0" } }, "sha512-Wo1iKt2b9OT7d+YGhvEPD3DXvPv2etTusIMhMUoG7fbhmxcXCtIjJDEygy91Y2JFlwGyjqiBPRozme7UD8hoqg=="],

    "@tanstack/query-core": ["@tanstack/query-core@5.90.2", "", {}, "sha512-k/TcR3YalnzibscALLwxeiLUub6jN5EDLwKDiO7q5f4ICEoptJ+n9+7vcEFy5/x/i6Q+Lb/tXrsKCggf5uQJXQ=="],

    "@tanstack/vue-query": ["@tanstack/vue-query@5.90.2", "", { "dependencies": { "@tanstack/match-sorter-utils": "^8.19.4", "@tanstack/query-core": "5.90.2", "@vue/devtools-api": "^6.6.3", "vue-demi": "^0.14.10" }, "peerDependencies": { "@vue/composition-api": "^1.1.2", "vue": "^2.6.0 || ^3.3.0" }, "optionalPeers": ["@vue/composition-api"] }, "sha512-DLLY/B5QCbpi6AM2aaCowukQx2rXsQ4mH8RuDd8wQz0/L2bZ9Z/GgXlV310ouo47pJBmeibMVTmuoWsleT8llg=="],

    "@types/axios": ["@types/axios@0.14.4", "", { "dependencies": { "axios": "*" } }, ""],

    "@types/estree": ["@types/estree@1.0.8", "", {}, ""],

    "@types/katex": ["@types/katex@0.16.7", "", {}, ""],

    "@types/lodash": ["@types/lodash@4.17.20", "", {}, ""],

    "@types/lodash-es": ["@types/lodash-es@4.17.12", "", { "dependencies": { "@types/lodash": "*" } }, ""],

    "@types/node": ["@types/node@24.6.2", "", { "dependencies": { "undici-types": "~7.13.0" } }, ""],

    "@vicons/ionicons5": ["@vicons/ionicons5@0.13.0", "", {}, ""],

    "@vitejs/plugin-vue": ["@vitejs/plugin-vue@6.0.1", "", { "dependencies": { "@rolldown/pluginutils": "1.0.0-beta.29" }, "peerDependencies": { "vite": "^5.0.0 || ^6.0.0 || ^7.0.0", "vue": "^3.2.25" } }, ""],

    "@volar/language-core": ["@volar/language-core@2.4.23", "", { "dependencies": { "@volar/source-map": "2.4.23" } }, ""],

    "@volar/source-map": ["@volar/source-map@2.4.23", "", {}, ""],

    "@volar/typescript": ["@volar/typescript@2.4.23", "", { "dependencies": { "@volar/language-core": "2.4.23", "path-browserify": "^1.0.1", "vscode-uri": "^3.0.8" } }, ""],

    "@vue/babel-helper-vue-transform-on": ["@vue/babel-helper-vue-transform-on@1.5.0", "", {}, ""],

    "@vue/babel-plugin-jsx": ["@vue/babel-plugin-jsx@1.5.0", "", { "dependencies": { "@babel/helper-module-imports": "^7.27.1", "@babel/helper-plugin-utils": "^7.27.1", "@babel/plugin-syntax-jsx": "^7.27.1", "@babel/template": "^7.27.2", "@babel/traverse": "^7.28.0", "@babel/types": "^7.28.2", "@vue/babel-helper-vue-transform-on": "1.5.0", "@vue/babel-plugin-resolve-type": "1.5.0", "@vue/shared": "^3.5.18" }, "peerDependencies": { "@babel/core": "^7.0.0-0" } }, ""],

    "@vue/babel-plugin-resolve-type": ["@vue/babel-plugin-resolve-type@1.5.0", "", { "dependencies": { "@babel/code-frame": "^7.27.1", "@babel/helper-module-imports": "^7.27.1", "@babel/helper-plugin-utils": "^7.27.1", "@babel/parser": "^7.28.0", "@vue/compiler-sfc": "^3.5.18" }, "peerDependencies": { "@babel/core": "^7.0.0-0" } }, ""],

    "@vue/compiler-core": ["@vue/compiler-core@3.5.22", "", { "dependencies": { "@babel/parser": "^7.28.4", "@vue/shared": "3.5.22", "entities": "^4.5.0", "estree-walker": "^2.0.2", "source-map-js": "^1.2.1" } }, ""],

    "@vue/compiler-dom": ["@vue/compiler-dom@3.5.22", "", { "dependencies": { "@vue/compiler-core": "3.5.22", "@vue/shared": "3.5.22" } }, ""],

    "@vue/compiler-sfc": ["@vue/compiler-sfc@3.5.22", "", { "dependencies": { "@babel/parser": "^7.28.4", "@vue/compiler-core": "3.5.22", "@vue/compiler-dom": "3.5.22", "@vue/compiler-ssr": "3.5.22", "@vue/shared": "3.5.22", "estree-walker": "^2.0.2", "magic-string": "^0.30.19", "postcss": "^8.5.6", "source-map-js": "^1.2.1" } }, ""],

    "@vue/compiler-ssr": ["@vue/compiler-ssr@3.5.22", "", { "dependencies": { "@vue/compiler-dom": "3.5.22", "@vue/shared": "3.5.22" } }, ""],

    "@vue/devtools-api": ["@vue/devtools-api@6.6.4", "", {}, "sha512-sGhTPMuXqZ1rVOk32RylztWkfXTRhuS7vgAKv0zjqk8gbsHkJ7xfFf+jbySxt7tWObEJwyKaHMikV/WGDiQm8g=="],

    "@vue/devtools-core": ["@vue/devtools-core@8.0.2", "", { "dependencies": { "@vue/devtools-kit": "^8.0.2", "@vue/devtools-shared": "^8.0.2", "mitt": "^3.0.1", "nanoid": "^5.1.5", "pathe": "^2.0.3", "vite-hot-client": "^2.1.0" }, "peerDependencies": { "vue": "^3.0.0" } }, ""],

    "@vue/devtools-kit": ["@vue/devtools-kit@8.0.2", "", { "dependencies": { "@vue/devtools-shared": "^8.0.2", "birpc": "^2.5.0", "hookable": "^5.5.3", "mitt": "^3.0.1", "perfect-debounce": "^2.0.0", "speakingurl": "^14.0.1", "superjson": "^2.2.2" } }, ""],

    "@vue/devtools-shared": ["@vue/devtools-shared@8.0.2", "", { "dependencies": { "rfdc": "^1.4.1" } }, ""],

    "@vue/language-core": ["@vue/language-core@3.1.0", "", { "dependencies": { "@volar/language-core": "2.4.23", "@vue/compiler-dom": "^3.5.0", "@vue/shared": "^3.5.0", "alien-signals": "^3.0.0", "muggle-string": "^0.4.1", "path-browserify": "^1.0.1", "picomatch": "^4.0.2" }, "peerDependencies": { "typescript": "*" } }, ""],

    "@vue/reactivity": ["@vue/reactivity@3.5.22", "", { "dependencies": { "@vue/shared": "3.5.22" } }, ""],

    "@vue/runtime-core": ["@vue/runtime-core@3.5.22", "", { "dependencies": { "@vue/reactivity": "3.5.22", "@vue/shared": "3.5.22" } }, ""],

    "@vue/runtime-dom": ["@vue/runtime-dom@3.5.22", "", { "dependencies": { "@vue/reactivity": "3.5.22", "@vue/runtime-core": "3.5.22", "@vue/shared": "3.5.22", "csstype": "^3.1.3" } }, ""],

    "@vue/server-renderer": ["@vue/server-renderer@3.5.22", "", { "dependencies": { "@vue/compiler-ssr": "3.5.22", "@vue/shared": "3.5.22" }, "peerDependencies": { "vue": "3.5.22" } }, ""],

    "@vue/shared": ["@vue/shared@3.5.22", "", {}, ""],

    "alien-signals": ["alien-signals@3.0.0", "", {}, ""],

    "ansi-regex": ["ansi-regex@6.2.2", "", {}, ""],

    "ansi-styles": ["ansi-styles@6.2.3", "", {}, ""],

    "ansis": ["ansis@4.2.0", "", {}, ""],

    "any-promise": ["any-promise@1.3.0", "", {}, ""],

    "anymatch": ["anymatch@3.1.3", "", { "dependencies": { "normalize-path": "^3.0.0", "picomatch": "^2.0.4" } }, ""],

    "arg": ["arg@5.0.2", "", {}, ""],

    "async-validator": ["async-validator@4.2.5", "", {}, ""],

    "asynckit": ["asynckit@0.4.0", "", {}, ""],

    "autoprefixer": ["autoprefixer@10.4.21", "", { "dependencies": { "browserslist": "^4.24.4", "caniuse-lite": "^1.0.30001702", "fraction.js": "^4.3.7", "normalize-range": "^0.1.2", "picocolors": "^1.1.1", "postcss-value-parser": "^4.2.0" }, "peerDependencies": { "postcss": "^8.1.0" }, "bin": "bin/autoprefixer" }, ""],

    "axios": ["axios@1.12.2", "", { "dependencies": { "follow-redirects": "^1.15.6", "form-data": "^4.0.4", "proxy-from-env": "^1.1.0" } }, ""],

    "balanced-match": ["balanced-match@1.0.2", "", {}, ""],

    "baseline-browser-mapping": ["baseline-browser-mapping@2.8.11", "", { "bin": "dist/cli.js" }, ""],

    "binary-extensions": ["binary-extensions@2.3.0", "", {}, ""],

    "birpc": ["birpc@2.6.1", "", {}, ""],

    "brace-expansion": ["brace-expansion@2.0.2", "", { "dependencies": { "balanced-match": "^1.0.0" } }, ""],

    "braces": ["braces@3.0.3", "", { "dependencies": { "fill-range": "^7.1.1" } }, ""],

    "browserslist": ["browserslist@4.26.3", "", { "dependencies": { "baseline-browser-mapping": "^2.8.9", "caniuse-lite": "^1.0.30001746", "electron-to-chromium": "^1.5.227", "node-releases": "^2.0.21", "update-browserslist-db": "^1.1.3" }, "bin": "cli.js" }, ""],

    "bundle-name": ["bundle-name@4.1.0", "", { "dependencies": { "run-applescript": "^7.0.0" } }, ""],

    "call-bind-apply-helpers": ["call-bind-apply-helpers@1.0.2", "", { "dependencies": { "es-errors": "^1.3.0", "function-bind": "^1.1.2" } }, ""],

    "camelcase-css": ["camelcase-css@2.0.1", "", {}, ""],

    "caniuse-lite": ["caniuse-lite@1.0.30001747", "", {}, ""],

    "chokidar": ["chokidar@3.6.0", "", { "dependencies": { "anymatch": "~3.1.2", "braces": "~3.0.2", "glob-parent": "~5.1.2", "is-binary-path": "~2.1.0", "is-glob": "~4.0.1", "normalize-path": "~3.0.0", "readdirp": "~3.6.0" }, "optionalDependencies": { "fsevents": "~2.3.2" } }, ""],

    "color-convert": ["color-convert@2.0.1", "", { "dependencies": { "color-name": "~1.1.4" } }, ""],

    "color-name": ["color-name@1.1.4", "", {}, ""],

    "combined-stream": ["combined-stream@1.0.8", "", { "dependencies": { "delayed-stream": "~1.0.0" } }, ""],

    "commander": ["commander@4.1.1", "", {}, ""],

    "convert-source-map": ["convert-source-map@2.0.0", "", {}, ""],

    "copy-anything": ["copy-anything@3.0.5", "", { "dependencies": { "is-what": "^4.1.8" } }, ""],

    "cross-spawn": ["cross-spawn@7.0.6", "", { "dependencies": { "path-key": "^3.1.0", "shebang-command": "^2.0.0", "which": "^2.0.1" } }, ""],

    "css-render": ["css-render@0.15.14", "", { "dependencies": { "@emotion/hash": "~0.8.0", "csstype": "~3.0.5" } }, ""],

    "cssesc": ["cssesc@3.0.0", "", { "bin": "bin/cssesc" }, ""],

    "csstype": ["csstype@3.1.3", "", {}, ""],

    "date-fns": ["date-fns@3.6.0", "", {}, ""],

    "date-fns-tz": ["date-fns-tz@3.2.0", "", { "peerDependencies": { "date-fns": "^3.0.0 || ^4.0.0" } }, ""],

    "debug": ["debug@4.4.3", "", { "dependencies": { "ms": "^2.1.3" } }, ""],

    "default-browser": ["default-browser@5.2.1", "", { "dependencies": { "bundle-name": "^4.1.0", "default-browser-id": "^5.0.0" } }, ""],

    "default-browser-id": ["default-browser-id@5.0.0", "", {}, ""],

    "define-lazy-prop": ["define-lazy-prop@3.0.0", "", {}, ""],

    "delayed-stream": ["delayed-stream@1.0.0", "", {}, ""],

    "detect-libc": ["detect-libc@2.1.1", "", {}, ""],

    "didyoumean": ["didyoumean@1.2.2", "", {}, ""],

    "dlv": ["dlv@1.1.3", "", {}, ""],

    "dunder-proto": ["dunder-proto@1.0.1", "", { "dependencies": { "call-bind-apply-helpers": "^1.0.1", "es-errors": "^1.3.0", "gopd": "^1.2.0" } }, ""],

    "eastasianwidth": ["eastasianwidth@0.2.0", "", {}, ""],

    "electron-to-chromium": ["electron-to-chromium@1.5.230", "", {}, ""],

    "emoji-regex": ["emoji-regex@9.2.2", "", {}, ""],

    "entities": ["entities@4.5.0", "", {}, ""],

    "error-stack-parser-es": ["error-stack-parser-es@1.0.5", "", {}, ""],

    "es-define-property": ["es-define-property@1.0.1", "", {}, ""],

    "es-errors": ["es-errors@1.3.0", "", {}, ""],

    "es-object-atoms": ["es-object-atoms@1.1.1", "", { "dependencies": { "es-errors": "^1.3.0" } }, ""],

    "es-set-tostringtag": ["es-set-tostringtag@2.1.0", "", { "dependencies": { "es-errors": "^1.3.0", "get-intrinsic": "^1.2.6", "has-tostringtag": "^1.0.2", "hasown": "^2.0.2" } }, ""],

    "esbuild": ["esbuild@0.25.10", "", { "optionalDependencies": { "@esbuild/darwin-arm64": "0.25.10" }, "bin": "bin/esbuild" }, ""],

    "escalade": ["escalade@3.2.0", "", {}, ""],

    "estree-walker": ["estree-walker@2.0.2", "", {}, ""],

    "evtd": ["evtd@0.2.4", "", {}, ""],

    "execa": ["execa@9.6.0", "", { "dependencies": { "@sindresorhus/merge-streams": "^4.0.0", "cross-spawn": "^7.0.6", "figures": "^6.1.0", "get-stream": "^9.0.0", "human-signals": "^8.0.1", "is-plain-obj": "^4.1.0", "is-stream": "^4.0.1", "npm-run-path": "^6.0.0", "pretty-ms": "^9.2.0", "signal-exit": "^4.1.0", "strip-final-newline": "^4.0.0", "yoctocolors": "^2.1.1" } }, ""],

    "fast-glob": ["fast-glob@3.3.3", "", { "dependencies": { "@nodelib/fs.stat": "^2.0.2", "@nodelib/fs.walk": "^1.2.3", "glob-parent": "^5.1.2", "merge2": "^1.3.0", "micromatch": "^4.0.8" } }, ""],

    "fastq": ["fastq@1.19.1", "", { "dependencies": { "reusify": "^1.0.4" } }, ""],

    "fdir": ["fdir@6.5.0", "", { "peerDependencies": { "picomatch": "^3 || ^4" } }, ""],

    "figures": ["figures@6.1.0", "", { "dependencies": { "is-unicode-supported": "^2.0.0" } }, ""],

    "fill-range": ["fill-range@7.1.1", "", { "dependencies": { "to-regex-range": "^5.0.1" } }, ""],

    "follow-redirects": ["follow-redirects@1.15.11", "", {}, ""],

    "foreground-child": ["foreground-child@3.3.1", "", { "dependencies": { "cross-spawn": "^7.0.6", "signal-exit": "^4.0.1" } }, ""],

    "form-data": ["form-data@4.0.4", "", { "dependencies": { "asynckit": "^0.4.0", "combined-stream": "^1.0.8", "es-set-tostringtag": "^2.1.0", "hasown": "^2.0.2", "mime-types": "^2.1.12" } }, ""],

    "fraction.js": ["fraction.js@4.3.7", "", {}, ""],

    "fsevents": ["fsevents@2.3.3", "", { "os": "darwin" }, ""],

    "function-bind": ["function-bind@1.1.2", "", {}, ""],

    "gensync": ["gensync@1.0.0-beta.2", "", {}, ""],

    "get-intrinsic": ["get-intrinsic@1.3.0", "", { "dependencies": { "call-bind-apply-helpers": "^1.0.2", "es-define-property": "^1.0.1", "es-errors": "^1.3.0", "es-object-atoms": "^1.1.1", "function-bind": "^1.1.2", "get-proto": "^1.0.1", "gopd": "^1.2.0", "has-symbols": "^1.1.0", "hasown": "^2.0.2", "math-intrinsics": "^1.1.0" } }, ""],

    "get-proto": ["get-proto@1.0.1", "", { "dependencies": { "dunder-proto": "^1.0.1", "es-object-atoms": "^1.0.0" } }, ""],

    "get-stream": ["get-stream@9.0.1", "", { "dependencies": { "@sec-ant/readable-stream": "^0.4.1", "is-stream": "^4.0.1" } }, ""],

    "glob": ["glob@10.4.5", "", { "dependencies": { "foreground-child": "^3.1.0", "jackspeak": "^3.1.2", "minimatch": "^9.0.4", "minipass": "^7.1.2", "package-json-from-dist": "^1.0.0", "path-scurry": "^1.11.1" }, "bin": "dist/esm/bin.mjs" }, ""],

    "glob-parent": ["glob-parent@6.0.2", "", { "dependencies": { "is-glob": "^4.0.3" } }, ""],

    "gopd": ["gopd@1.2.0", "", {}, ""],

    "has-symbols": ["has-symbols@1.1.0", "", {}, ""],

    "has-tostringtag": ["has-tostringtag@1.0.2", "", { "dependencies": { "has-symbols": "^1.0.3" } }, ""],

    "hasown": ["hasown@2.0.2", "", { "dependencies": { "function-bind": "^1.1.2" } }, ""],

    "highlight.js": ["highlight.js@11.11.1", "", {}, ""],

    "hookable": ["hookable@5.5.3", "", {}, ""],

    "human-signals": ["human-signals@8.0.1", "", {}, ""],

    "is-binary-path": ["is-binary-path@2.1.0", "", { "dependencies": { "binary-extensions": "^2.0.0" } }, ""],

    "is-core-module": ["is-core-module@2.16.1", "", { "dependencies": { "hasown": "^2.0.2" } }, ""],

    "is-docker": ["is-docker@3.0.0", "", { "bin": "cli.js" }, ""],

    "is-extglob": ["is-extglob@2.1.1", "", {}, ""],

    "is-fullwidth-code-point": ["is-fullwidth-code-point@3.0.0", "", {}, ""],

    "is-glob": ["is-glob@4.0.3", "", { "dependencies": { "is-extglob": "^2.1.1" } }, ""],

    "is-inside-container": ["is-inside-container@1.0.0", "", { "dependencies": { "is-docker": "^3.0.0" }, "bin": "cli.js" }, ""],

    "is-number": ["is-number@7.0.0", "", {}, ""],

    "is-plain-obj": ["is-plain-obj@4.1.0", "", {}, ""],

    "is-stream": ["is-stream@4.0.1", "", {}, ""],

    "is-unicode-supported": ["is-unicode-supported@2.1.0", "", {}, ""],

    "is-what": ["is-what@4.1.16", "", {}, ""],

    "is-wsl": ["is-wsl@3.1.0", "", { "dependencies": { "is-inside-container": "^1.0.0" } }, ""],

    "isexe": ["isexe@2.0.0", "", {}, ""],

    "jackspeak": ["jackspeak@3.4.3", "", { "dependencies": { "@isaacs/cliui": "^8.0.2" }, "optionalDependencies": { "@pkgjs/parseargs": "^0.11.0" } }, ""],

    "jiti": ["jiti@1.21.7", "", { "bin": "bin/jiti.js" }, ""],

    "js-tokens": ["js-tokens@4.0.0", "", {}, ""],

    "jsesc": ["jsesc@3.1.0", "", { "bin": "bin/jsesc" }, ""],

    "json5": ["json5@2.2.3", "", { "bin": "lib/cli.js" }, ""],

    "kolorist": ["kolorist@1.8.0", "", {}, ""],

    "lightningcss": ["lightningcss@1.30.1", "", { "dependencies": { "detect-libc": "^2.0.3" }, "optionalDependencies": { "lightningcss-darwin-arm64": "1.30.1" } }, ""],

    "lightningcss-darwin-arm64": ["lightningcss-darwin-arm64@1.30.1", "", { "os": "darwin", "cpu": "arm64" }, ""],

    "lilconfig": ["lilconfig@3.1.3", "", {}, ""],

    "lines-and-columns": ["lines-and-columns@1.2.4", "", {}, ""],

    "lodash": ["lodash@4.17.21", "", {}, ""],

    "lodash-es": ["lodash-es@4.17.21", "", {}, ""],

    "lru-cache": ["lru-cache@10.4.3", "", {}, ""],

    "magic-string": ["magic-string@0.30.19", "", { "dependencies": { "@jridgewell/sourcemap-codec": "^1.5.5" } }, ""],

    "math-intrinsics": ["math-intrinsics@1.1.0", "", {}, ""],

    "merge2": ["merge2@1.4.1", "", {}, ""],

    "micromatch": ["micromatch@4.0.8", "", { "dependencies": { "braces": "^3.0.3", "picomatch": "^2.3.1" } }, ""],

    "mime-db": ["mime-db@1.52.0", "", {}, ""],

    "mime-types": ["mime-types@2.1.35", "", { "dependencies": { "mime-db": "1.52.0" } }, ""],

    "minimatch": ["minimatch@9.0.5", "", { "dependencies": { "brace-expansion": "^2.0.1" } }, ""],

    "minipass": ["minipass@7.1.2", "", {}, ""],

    "mitt": ["mitt@3.0.1", "", {}, ""],

    "mrmime": ["mrmime@2.0.1", "", {}, ""],

    "ms": ["ms@2.1.3", "", {}, ""],

    "muggle-string": ["muggle-string@0.4.1", "", {}, ""],

    "mz": ["mz@2.7.0", "", { "dependencies": { "any-promise": "^1.0.0", "object-assign": "^4.0.1", "thenify-all": "^1.0.0" } }, ""],

    "naive-ui": ["naive-ui@2.43.1", "", { "dependencies": { "@css-render/plugin-bem": "^0.15.14", "@css-render/vue3-ssr": "^0.15.14", "@types/katex": "^0.16.2", "@types/lodash": "^4.14.198", "@types/lodash-es": "^4.17.9", "async-validator": "^4.2.5", "css-render": "^0.15.14", "csstype": "^3.1.3", "date-fns": "^3.6.0", "date-fns-tz": "^3.1.3", "evtd": "^0.2.4", "highlight.js": "^11.8.0", "lodash": "^4.17.21", "lodash-es": "^4.17.21", "seemly": "^0.3.8", "treemate": "^0.3.11", "vdirs": "^0.1.8", "vooks": "^0.2.12", "vueuc": "^0.4.65" }, "peerDependencies": { "vue": "^3.0.0" } }, ""],

    "nanoid": ["nanoid@3.3.11", "", { "bin": "bin/nanoid.cjs" }, ""],

    "node-releases": ["node-releases@2.0.23", "", {}, ""],

    "normalize-path": ["normalize-path@3.0.0", "", {}, ""],

    "normalize-range": ["normalize-range@0.1.2", "", {}, ""],

    "npm-run-path": ["npm-run-path@6.0.0", "", { "dependencies": { "path-key": "^4.0.0", "unicorn-magic": "^0.3.0" } }, ""],

    "object-assign": ["object-assign@4.1.1", "", {}, ""],

    "object-hash": ["object-hash@3.0.0", "", {}, ""],

    "ohash": ["ohash@2.0.11", "", {}, ""],

    "open": ["open@10.2.0", "", { "dependencies": { "default-browser": "^5.2.1", "define-lazy-prop": "^3.0.0", "is-inside-container": "^1.0.0", "wsl-utils": "^0.1.0" } }, ""],

    "package-json-from-dist": ["package-json-from-dist@1.0.1", "", {}, ""],

    "parse-ms": ["parse-ms@4.0.0", "", {}, ""],

    "path-browserify": ["path-browserify@1.0.1", "", {}, ""],

    "path-key": ["path-key@3.1.1", "", {}, ""],

    "path-parse": ["path-parse@1.0.7", "", {}, ""],

    "path-scurry": ["path-scurry@1.11.1", "", { "dependencies": { "lru-cache": "^10.2.0", "minipass": "^5.0.0 || ^6.0.2 || ^7.0.0" } }, ""],

    "pathe": ["pathe@2.0.3", "", {}, ""],

    "perfect-debounce": ["perfect-debounce@2.0.0", "", {}, ""],

    "picocolors": ["picocolors@1.1.1", "", {}, ""],

    "picomatch": ["picomatch@4.0.3", "", {}, ""],

    "pify": ["pify@2.3.0", "", {}, ""],

    "pinia": ["pinia@3.0.3", "", { "dependencies": { "@vue/devtools-api": "^7.7.2" }, "peerDependencies": { "typescript": ">=4.4.4", "vue": "^2.7.0 || ^3.5.11" } }, ""],

    "pirates": ["pirates@4.0.7", "", {}, ""],

    "postcss": ["postcss@8.5.6", "", { "dependencies": { "nanoid": "^3.3.11", "picocolors": "^1.1.1", "source-map-js": "^1.2.1" } }, ""],

    "postcss-import": ["postcss-import@15.1.0", "", { "dependencies": { "postcss-value-parser": "^4.0.0", "read-cache": "^1.0.0", "resolve": "^1.1.7" }, "peerDependencies": { "postcss": "^8.0.0" } }, ""],

    "postcss-js": ["postcss-js@4.1.0", "", { "dependencies": { "camelcase-css": "^2.0.1" }, "peerDependencies": { "postcss": "^8.4.21" } }, ""],

    "postcss-load-config": ["postcss-load-config@6.0.1", "", { "dependencies": { "lilconfig": "^3.1.1" }, "peerDependencies": { "jiti": ">=1.21.0", "postcss": ">=8.0.9", "tsx": "^4.8.1", "yaml": "^2.4.2" }, "optionalPeers": ["tsx", "yaml"] }, ""],

    "postcss-nested": ["postcss-nested@6.2.0", "", { "dependencies": { "postcss-selector-parser": "^6.1.1" }, "peerDependencies": { "postcss": "^8.2.14" } }, ""],

    "postcss-selector-parser": ["postcss-selector-parser@6.1.2", "", { "dependencies": { "cssesc": "^3.0.0", "util-deprecate": "^1.0.2" } }, ""],

    "postcss-value-parser": ["postcss-value-parser@4.2.0", "", {}, ""],

    "pretty-ms": ["pretty-ms@9.3.0", "", { "dependencies": { "parse-ms": "^4.0.0" } }, ""],

    "proxy-from-env": ["proxy-from-env@1.1.0", "", {}, ""],

    "queue-microtask": ["queue-microtask@1.2.3", "", {}, ""],

    "read-cache": ["read-cache@1.0.0", "", { "dependencies": { "pify": "^2.3.0" } }, ""],

    "readdirp": ["readdirp@3.6.0", "", { "dependencies": { "picomatch": "^2.2.1" } }, ""],

    "remove-accents": ["remove-accents@0.5.0", "", {}, "sha512-8g3/Otx1eJaVD12e31UbJj1YzdtVvzH85HV7t+9MJYk/u3XmkOUJ5Ys9wQrf9PCPK8+xn4ymzqYCiZl6QWKn+A=="],

    "resolve": ["resolve@1.22.10", "", { "dependencies": { "is-core-module": "^2.16.0", "path-parse": "^1.0.7", "supports-preserve-symlinks-flag": "^1.0.0" }, "bin": "bin/resolve" }, ""],

    "reusify": ["reusify@1.1.0", "", {}, ""],

    "rfdc": ["rfdc@1.4.1", "", {}, ""],

    "rollup": ["rollup@4.52.4", "", { "dependencies": { "@types/estree": "1.0.8" }, "optionalDependencies": { "@rollup/rollup-darwin-arm64": "4.52.4", "fsevents": "~2.3.2" }, "bin": "dist/bin/rollup" }, ""],

    "run-applescript": ["run-applescript@7.1.0", "", {}, ""],

    "run-parallel": ["run-parallel@1.2.0", "", { "dependencies": { "queue-microtask": "^1.2.2" } }, ""],

    "seemly": ["seemly@0.3.10", "", {}, ""],

    "semver": ["semver@6.3.1", "", { "bin": "bin/semver.js" }, ""],

    "shebang-command": ["shebang-command@2.0.0", "", { "dependencies": { "shebang-regex": "^3.0.0" } }, ""],

    "shebang-regex": ["shebang-regex@3.0.0", "", {}, ""],

    "signal-exit": ["signal-exit@4.1.0", "", {}, ""],

    "sirv": ["sirv@3.0.2", "", { "dependencies": { "@polka/url": "^1.0.0-next.24", "mrmime": "^2.0.0", "totalist": "^3.0.0" } }, ""],

    "source-map-js": ["source-map-js@1.2.1", "", {}, ""],

    "speakingurl": ["speakingurl@14.0.1", "", {}, ""],

    "string-width": ["string-width@5.1.2", "", { "dependencies": { "eastasianwidth": "^0.2.0", "emoji-regex": "^9.2.2", "strip-ansi": "^7.0.1" } }, ""],

    "string-width-cjs": ["string-width@4.2.3", "", { "dependencies": { "emoji-regex": "^8.0.0", "is-fullwidth-code-point": "^3.0.0", "strip-ansi": "^6.0.1" } }, ""],

    "strip-ansi": ["strip-ansi@7.1.2", "", { "dependencies": { "ansi-regex": "^6.0.1" } }, ""],

    "strip-ansi-cjs": ["strip-ansi@6.0.1", "", { "dependencies": { "ansi-regex": "^5.0.1" } }, ""],

    "strip-final-newline": ["strip-final-newline@4.0.0", "", {}, ""],

    "sucrase": ["sucrase@3.35.0", "", { "dependencies": { "@jridgewell/gen-mapping": "^0.3.2", "commander": "^4.0.0", "glob": "^10.3.10", "lines-and-columns": "^1.1.6", "mz": "^2.7.0", "pirates": "^4.0.1", "ts-interface-checker": "^0.1.9" }, "bin": { "sucrase": "bin/sucrase", "sucrase-node": "bin/sucrase-node" } }, ""],

    "superjson": ["superjson@2.2.2", "", { "dependencies": { "copy-anything": "^3.0.2" } }, ""],

    "supports-preserve-symlinks-flag": ["supports-preserve-symlinks-flag@1.0.0", "", {}, ""],

    "tailwindcss": ["tailwindcss@3.4.18", "", { "dependencies": { "@alloc/quick-lru": "^5.2.0", "arg": "^5.0.2", "chokidar": "^3.6.0", "didyoumean": "^1.2.2", "dlv": "^1.1.3", "fast-glob": "^3.3.2", "glob-parent": "^6.0.2", "is-glob": "^4.0.3", "jiti": "^1.21.7", "lilconfig": "^3.1.3", "micromatch": "^4.0.8", "normalize-path": "^3.0.0", "object-hash": "^3.0.0", "picocolors": "^1.1.1", "postcss": "^8.4.47", "postcss-import": "^15.1.0", "postcss-js": "^4.0.1", "postcss-load-config": "^4.0.2 || ^5.0 || ^6.0", "postcss-nested": "^6.2.0", "postcss-selector-parser": "^6.1.2", "resolve": "^1.22.8", "sucrase": "^3.35.0" }, "bin": { "tailwind": "lib/cli.js", "tailwindcss": "lib/cli.js" } }, ""],

    "thenify": ["thenify@3.3.1", "", { "dependencies": { "any-promise": "^1.0.0" } }, ""],

    "thenify-all": ["thenify-all@1.6.0", "", { "dependencies": { "thenify": ">= 3.1.0 < 4" } }, ""],

    "tinyglobby": ["tinyglobby@0.2.15", "", { "dependencies": { "fdir": "^6.5.0", "picomatch": "^4.0.3" } }, ""],

    "to-regex-range": ["to-regex-range@5.0.1", "", { "dependencies": { "is-number": "^7.0.0" } }, ""],

    "totalist": ["totalist@3.0.1", "", {}, ""],

    "treemate": ["treemate@0.3.11", "", {}, ""],

    "ts-interface-checker": ["ts-interface-checker@0.1.13", "", {}, ""],

    "typescript": ["typescript@5.9.3", "", { "bin": { "tsc": "bin/tsc", "tsserver": "bin/tsserver" } }, ""],

    "undici-types": ["undici-types@7.13.0", "", {}, ""],

    "unicorn-magic": ["unicorn-magic@0.3.0", "", {}, ""],

    "unplugin-utils": ["unplugin-utils@0.3.0", "", { "dependencies": { "pathe": "^2.0.3", "picomatch": "^4.0.3" } }, ""],

    "update-browserslist-db": ["update-browserslist-db@1.1.3", "", { "dependencies": { "escalade": "^3.2.0", "picocolors": "^1.1.1" }, "peerDependencies": { "browserslist": ">= 4.21.0" }, "bin": "cli.js" }, ""],

    "util-deprecate": ["util-deprecate@1.0.2", "", {}, ""],

    "vdirs": ["vdirs@0.1.8", "", { "dependencies": { "evtd": "^0.2.2" }, "peerDependencies": { "vue": "^3.0.11" } }, ""],

    "vite": ["vite@7.1.9", "", { "dependencies": { "esbuild": "^0.25.0", "fdir": "^6.5.0", "picomatch": "^4.0.3", "postcss": "^8.5.6", "rollup": "^4.43.0", "tinyglobby": "^0.2.15" }, "optionalDependencies": { "fsevents": "~2.3.3" }, "peerDependencies": { "@types/node": "^20.19.0 || >=22.12.0", "jiti": ">=1.21.0", "less": "^4.0.0", "lightningcss": "^1.21.0", "sass": "^1.70.0", "sass-embedded": "^1.70.0", "stylus": ">=0.54.8", "sugarss": "^5.0.0", "terser": "^5.16.0", "tsx": "^4.8.1", "yaml": "^2.4.2" }, "optionalPeers": ["less", "sass", "sass-embedded", "stylus", "sugarss", "terser", "tsx", "yaml"], "bin": "bin/vite.js" }, ""],

    "vite-dev-rpc": ["vite-dev-rpc@1.1.0", "", { "dependencies": { "birpc": "^2.4.0", "vite-hot-client": "^2.1.0" }, "peerDependencies": { "vite": "^2.9.0 || ^3.0.0-0 || ^4.0.0-0 || ^5.0.0-0 || ^6.0.1 || ^7.0.0-0" } }, ""],

    "vite-hot-client": ["vite-hot-client@2.1.0", "", { "peerDependencies": { "vite": "^2.6.0 || ^3.0.0 || ^4.0.0 || ^5.0.0-0 || ^6.0.0-0 || ^7.0.0-0" } }, ""],

    "vite-plugin-inspect": ["vite-plugin-inspect@11.3.3", "", { "dependencies": { "ansis": "^4.1.0", "debug": "^4.4.1", "error-stack-parser-es": "^1.0.5", "ohash": "^2.0.11", "open": "^10.2.0", "perfect-debounce": "^2.0.0", "sirv": "^3.0.1", "unplugin-utils": "^0.3.0", "vite-dev-rpc": "^1.1.0" }, "peerDependencies": { "vite": "^6.0.0 || ^7.0.0-0" } }, ""],

    "vite-plugin-vue-devtools": ["vite-plugin-vue-devtools@8.0.2", "", { "dependencies": { "@vue/devtools-core": "^8.0.2", "@vue/devtools-kit": "^8.0.2", "@vue/devtools-shared": "^8.0.2", "execa": "^9.6.0", "sirv": "^3.0.2", "vite-plugin-inspect": "^11.3.3", "vite-plugin-vue-inspector": "^5.3.2" }, "peerDependencies": { "vite": "^6.0.0 || ^7.0.0-0" } }, ""],

    "vite-plugin-vue-inspector": ["vite-plugin-vue-inspector@5.3.2", "", { "dependencies": { "@babel/core": "^7.23.0", "@babel/plugin-proposal-decorators": "^7.23.0", "@babel/plugin-syntax-import-attributes": "^7.22.5", "@babel/plugin-syntax-import-meta": "^7.10.4", "@babel/plugin-transform-typescript": "^7.22.15", "@vue/babel-plugin-jsx": "^1.1.5", "@vue/compiler-dom": "^3.3.4", "kolorist": "^1.8.0", "magic-string": "^0.30.4" }, "peerDependencies": { "vite": "^3.0.0-0 || ^4.0.0-0 || ^5.0.0-0 || ^6.0.0-0 || ^7.0.0-0" } }, ""],

    "vooks": ["vooks@0.2.12", "", { "dependencies": { "evtd": "^0.2.2" }, "peerDependencies": { "vue": "^3.0.0" } }, ""],

    "vscode-uri": ["vscode-uri@3.1.0", "", {}, ""],

    "vue": ["vue@3.5.22", "", { "dependencies": { "@vue/compiler-dom": "3.5.22", "@vue/compiler-sfc": "3.5.22", "@vue/runtime-dom": "3.5.22", "@vue/server-renderer": "3.5.22", "@vue/shared": "3.5.22" }, "peerDependencies": { "typescript": "*" } }, ""],

    "vue-demi": ["vue-demi@0.14.10", "", { "peerDependencies": { "@vue/composition-api": "^1.0.0-rc.1", "vue": "^3.0.0-0 || ^2.6.0" }, "optionalPeers": ["@vue/composition-api"], "bin": { "vue-demi-fix": "bin/vue-demi-fix.js", "vue-demi-switch": "bin/vue-demi-switch.js" } }, "sha512-nMZBOwuzabUO0nLgIcc6rycZEebF6eeUfaiQx9+WSk8e29IbLvPU9feI6tqW4kTo3hvoYAJkMh8n8D0fuISphg=="],

    "vue-router": ["vue-router@4.5.1", "", { "dependencies": { "@vue/devtools-api": "^6.6.4" }, "peerDependencies": { "vue": "^3.2.0" } }, ""],

    "vue-tsc": ["vue-tsc@3.1.0", "", { "dependencies": { "@volar/typescript": "2.4.23", "@vue/language-core": "3.1.0" }, "peerDependencies": { "typescript": ">=5.0.0" }, "bin": "bin/vue-tsc.js" }, ""],

    "vueuc": ["vueuc@0.4.65", "", { "dependencies": { "@css-render/vue3-ssr": "^0.15.10", "@juggle/resize-observer": "^3.3.1", "css-render": "^0.15.10", "evtd": "^0.2.4", "seemly": "^0.3.6", "vdirs": "^0.1.4", "vooks": "^0.2.4" }, "peerDependencies": { "vue": "^3.0.11" } }, ""],

    "which": ["which@2.0.2", "", { "dependencies": { "isexe": "^2.0.0" }, "bin": { "node-which": "bin/node-which" } }, ""],

    "wrap-ansi": ["wrap-ansi@8.1.0", "", { "dependencies": { "ansi-styles": "^6.1.0", "string-width": "^5.0.1", "strip-ansi": "^7.0.1" } }, ""],

    "wrap-ansi-cjs": ["wrap-ansi@7.0.0", "", { "dependencies": { "ansi-styles": "^4.0.0", "string-width": "^4.1.0", "strip-ansi": "^6.0.0" } }, ""],

    "wsl-utils": ["wsl-utils@0.1.0", "", { "dependencies": { "is-wsl": "^3.1.0" } }, ""],

    "yallist": ["yallist@3.1.1", "", {}, ""],

    "yoctocolors": ["yoctocolors@2.1.2", "", {}, ""],

    "@babel/helper-compilation-targets/lru-cache": ["lru-cache@5.1.1", "", { "dependencies": { "yallist": "^3.0.2" } }, ""],

    "@vue/devtools-core/nanoid": ["nanoid@5.1.6", "", { "bin": "bin/nanoid.js" }, ""],

    "anymatch/picomatch": ["picomatch@2.3.1", "", {}, ""],

    "chokidar/glob-parent": ["glob-parent@5.1.2", "", { "dependencies": { "is-glob": "^4.0.1" } }, ""],

    "css-render/csstype": ["csstype@3.0.11", "", {}, ""],

    "fast-glob/glob-parent": ["glob-parent@5.1.2", "", { "dependencies": { "is-glob": "^4.0.1" } }, ""],

    "micromatch/picomatch": ["picomatch@2.3.1", "", {}, ""],

    "npm-run-path/path-key": ["path-key@4.0.0", "", {}, ""],

    "pinia/@vue/devtools-api": ["@vue/devtools-api@7.7.7", "", { "dependencies": { "@vue/devtools-kit": "^7.7.7" } }, ""],

    "readdirp/picomatch": ["picomatch@2.3.1", "", {}, ""],

    "string-width-cjs/emoji-regex": ["emoji-regex@8.0.0", "", {}, ""],

    "string-width-cjs/strip-ansi": ["strip-ansi@6.0.1", "", { "dependencies": { "ansi-regex": "^5.0.1" } }, ""],

    "strip-ansi-cjs/ansi-regex": ["ansi-regex@5.0.1", "", {}, ""],

    "vue-router/@vue/devtools-api": ["@vue/devtools-api@6.6.4", "", {}, ""],

    "wrap-ansi-cjs/ansi-styles": ["ansi-styles@4.3.0", "", { "dependencies": { "color-convert": "^2.0.1" } }, ""],

    "wrap-ansi-cjs/string-width": ["string-width@4.2.3", "", { "dependencies": { "emoji-regex": "^8.0.0", "is-fullwidth-code-point": "^3.0.0", "strip-ansi": "^6.0.1" } }, ""],

    "wrap-ansi-cjs/strip-ansi": ["strip-ansi@6.0.1", "", { "dependencies": { "ansi-regex": "^5.0.1" } }, ""],

    "pinia/@vue/devtools-api/@vue/devtools-kit": ["@vue/devtools-kit@7.7.7", "", { "dependencies": { "@vue/devtools-shared": "^7.7.7", "birpc": "^2.3.0", "hookable": "^5.5.3", "mitt": "^3.0.1", "perfect-debounce": "^1.0.0", "speakingurl": "^14.0.1", "superjson": "^2.2.2" } }, ""],

    "string-width-cjs/strip-ansi/ansi-regex": ["ansi-regex@5.0.1", "", {}, ""],

    "wrap-ansi-cjs/string-width/emoji-regex": ["emoji-regex@8.0.0", "", {}, ""],

    "wrap-ansi-cjs/strip-ansi/ansi-regex": ["ansi-regex@5.0.1", "", {}, ""],

    "pinia/@vue/devtools-api/@vue/devtools-kit/@vue/devtools-shared": ["@vue/devtools-shared@7.7.7", "", { "dependencies": { "rfdc": "^1.4.1" } }, ""],

    "pinia/@vue/devtools-api/@vue/devtools-kit/perfect-debounce": ["perfect-debounce@1.0.0", "", {}, ""],
  }
}
